
Microsoft Visual Studio Solution File, Format Version 12.00
# Visual Studio Version 17
VisualStudioVersion = 17.9.34622.214
MinimumVisualStudioVersion = 10.0.40219.1
Project("{FAE04EC0-301F-11D3-BF4B-00C04F79EFBC}") = "pdfCreator", "pdfCreator.csproj", "{EAF285FB-C478-48E0-B3A4-AD7C1AE3C8C8}"
EndProject
Global
	GlobalSection(SolutionConfigurationPlatforms) = preSolution
		Debug|Any CPU = Debug|Any CPU
		Release|Any CPU = Release|Any CPU
	EndGlobalSection
	GlobalSection(ProjectConfigurationPlatforms) = postSolution
		{EAF285FB-C478-48E0-B3A4-AD7C1AE3C8C8}.Debug|Any CPU.ActiveCfg = Debug|Any CPU
		{EAF285FB-C478-48E0-B3A4-AD7C1AE3C8C8}.Debug|Any CPU.Build.0 = Debug|Any CPU
		{EAF285FB-C478-48E0-B3A4-AD7C1AE3C8C8}.Release|Any CPU.ActiveCfg = Release|Any CPU
		{EAF285FB-C478-48E0-B3A4-AD7C1AE3C8C8}.Release|Any CPU.Build.0 = Release|Any CPU
	EndGlobalSection
	GlobalSection(SolutionProperties) = preSolution
		HideSolutionNode = FALSE
	EndGlobalSection
	GlobalSection(ExtensibilityGlobals) = postSolution
		SolutionGuid = {2A1A6879-DEEF-42AC-8065-40F7D2A7AFC8}
	EndGlobalSection
EndGlobal
